
Microsoft Visual Studio Solution File, Format Version 12.00
# Visual Studio Version 17
VisualStudioVersion = 17.4.33110.190
MinimumVisualStudioVersion = 10.0.40219.1
Project("{FAE04EC0-301F-11D3-BF4B-00C04F79EFBC}") = "BookStoreCSharp", "BookStoreCSharp\BookStoreCSharp.csproj", "{FFD51786-2959-48BA-9E5D-1E9CE9DEB0CC}"
EndProject
Global
	GlobalSection(SolutionConfigurationPlatforms) = preSolution
		Debug|Any CPU = Debug|Any CPU
		Release|Any CPU = Release|Any CPU
	EndGlobalSection
	GlobalSection(ProjectConfigurationPlatforms) = postSolution
		{FFD51786-2959-48BA-9E5D-1E9CE9DEB0CC}.Debug|Any CPU.ActiveCfg = Debug|Any CPU
		{FFD51786-2959-48BA-9E5D-1E9CE9DEB0CC}.Debug|Any CPU.Build.0 = Debug|Any CPU
		{FFD51786-2959-48BA-9E5D-1E9CE9DEB0CC}.Release|Any CPU.ActiveCfg = Release|Any CPU
		{FFD51786-2959-48BA-9E5D-1E9CE9DEB0CC}.Release|Any CPU.Build.0 = Release|Any CPU
	EndGlobalSection
	GlobalSection(SolutionProperties) = preSolution
		HideSolutionNode = FALSE
	EndGlobalSection
	GlobalSection(ExtensibilityGlobals) = postSolution
		SolutionGuid = {5EFA665A-C926-421C-8A1D-EC2BA26CF5EF}
	EndGlobalSection
EndGlobal
